
Microsoft Visual Studio Solution File, Format Version 12.00
# Visual Studio Version 17
VisualStudioVersion = 17.12.35707.178 d17.12
MinimumVisualStudioVersion = 10.0.40219.1
Project("{FAE04EC0-301F-11D3-BF4B-00C04F79EFBC}") = "PetQuest", "PetQuest\PetQuest.csproj", "{C1A2ECC2-C717-49BF-A1DD-5B16D8BEA0D1}"
EndProject
Project("{FAE04EC0-301F-11D3-BF4B-00C04F79EFBC}") = "PetQuest.Client", "PetQuest.Client\PetQuest.Client.csproj", "{FB86DF84-46D7-4BDC-B442-5CD07A4FCD89}"
EndProject
Project("{2150E333-8FDC-42A3-9474-1A3956D46DE8}") = "Data", "Data", "{F2A5938D-5318-499F-93DB-D8EFA30DB70B}"
	ProjectSection(SolutionItems) = preProject
		..\Mattias Gijsels Syntra Eindwerkvoorstel 2024.pdf = ..\Mattias Gijsels Syntra Eindwerkvoorstel 2024.pdf
		..\README.md = ..\README.md
	EndProjectSection
EndProject
Project("{FAE04EC0-301F-11D3-BF4B-00C04F79EFBC}") = "PetQuest.Database", "..\PetQuest.Database\PetQuest.Database.csproj", "{426A4327-9F17-4174-AF7E-24E061AC55A4}"
EndProject
Project("{FAE04EC0-301F-11D3-BF4B-00C04F79EFBC}") = "PetQuest.Contracts", "..\PetQuest.Contracts\PetQuest.Contracts.csproj", "{4A44C782-6C12-48EB-B292-E9AC8BF31A69}"
EndProject
Global
	GlobalSection(SolutionConfigurationPlatforms) = preSolution
		Debug|Any CPU = Debug|Any CPU
		Release|Any CPU = Release|Any CPU
	EndGlobalSection
	GlobalSection(ProjectConfigurationPlatforms) = postSolution
		{C1A2ECC2-C717-49BF-A1DD-5B16D8BEA0D1}.Debug|Any CPU.ActiveCfg = Debug|Any CPU
		{C1A2ECC2-C717-49BF-A1DD-5B16D8BEA0D1}.Debug|Any CPU.Build.0 = Debug|Any CPU
		{C1A2ECC2-C717-49BF-A1DD-5B16D8BEA0D1}.Release|Any CPU.ActiveCfg = Release|Any CPU
		{C1A2ECC2-C717-49BF-A1DD-5B16D8BEA0D1}.Release|Any CPU.Build.0 = Release|Any CPU
		{FB86DF84-46D7-4BDC-B442-5CD07A4FCD89}.Debug|Any CPU.ActiveCfg = Debug|Any CPU
		{FB86DF84-46D7-4BDC-B442-5CD07A4FCD89}.Debug|Any CPU.Build.0 = Debug|Any CPU
		{FB86DF84-46D7-4BDC-B442-5CD07A4FCD89}.Release|Any CPU.ActiveCfg = Release|Any CPU
		{FB86DF84-46D7-4BDC-B442-5CD07A4FCD89}.Release|Any CPU.Build.0 = Release|Any CPU
		{426A4327-9F17-4174-AF7E-24E061AC55A4}.Debug|Any CPU.ActiveCfg = Debug|Any CPU
		{426A4327-9F17-4174-AF7E-24E061AC55A4}.Debug|Any CPU.Build.0 = Debug|Any CPU
		{426A4327-9F17-4174-AF7E-24E061AC55A4}.Release|Any CPU.ActiveCfg = Release|Any CPU
		{426A4327-9F17-4174-AF7E-24E061AC55A4}.Release|Any CPU.Build.0 = Release|Any CPU
		{4A44C782-6C12-48EB-B292-E9AC8BF31A69}.Debug|Any CPU.ActiveCfg = Debug|Any CPU
		{4A44C782-6C12-48EB-B292-E9AC8BF31A69}.Debug|Any CPU.Build.0 = Debug|Any CPU
		{4A44C782-6C12-48EB-B292-E9AC8BF31A69}.Release|Any CPU.ActiveCfg = Release|Any CPU
		{4A44C782-6C12-48EB-B292-E9AC8BF31A69}.Release|Any CPU.Build.0 = Release|Any CPU
	EndGlobalSection
	GlobalSection(SolutionProperties) = preSolution
		HideSolutionNode = FALSE
	EndGlobalSection
EndGlobal
